
Microsoft Visual Studio Solution File, Format Version 12.00
# Visual Studio Version 17
VisualStudioVersion = 17.5.002.0
MinimumVisualStudioVersion = 10.0.40219.1
Project("{9A19103F-16F7-4668-BE54-9A1E7A4F7556}") = "CSharp.RomanToInt", "CSharp.RomanToInt.csproj", "{B33093EA-06AD-40F7-8DAD-711E853F672A}"
EndProject
Global
	GlobalSection(SolutionConfigurationPlatforms) = preSolution
		Debug|Any CPU = Debug|Any CPU
		Release|Any CPU = Release|Any CPU
	EndGlobalSection
	GlobalSection(ProjectConfigurationPlatforms) = postSolution
		{B33093EA-06AD-40F7-8DAD-711E853F672A}.Debug|Any CPU.ActiveCfg = Debug|Any CPU
		{B33093EA-06AD-40F7-8DAD-711E853F672A}.Debug|Any CPU.Build.0 = Debug|Any CPU
		{B33093EA-06AD-40F7-8DAD-711E853F672A}.Release|Any CPU.ActiveCfg = Release|Any CPU
		{B33093EA-06AD-40F7-8DAD-711E853F672A}.Release|Any CPU.Build.0 = Release|Any CPU
	EndGlobalSection
	GlobalSection(SolutionProperties) = preSolution
		HideSolutionNode = FALSE
	EndGlobalSection
	GlobalSection(ExtensibilityGlobals) = postSolution
		SolutionGuid = {313B476F-D2E5-4725-A09A-3EB1EA25849A}
	EndGlobalSection
EndGlobal
